
Microsoft Visual Studio Solution File, Format Version 12.00
# Visual Studio 2015
Project("{FAE04EC0-301F-11D3-BF4B-00C04F79EFBC}") = "2D UFO Tutorial.CSharp", "2D UFO Tutorial.CSharp.csproj", "{618D0939-C7E9-3313-3AEE-ABE29DAC95D5}"
EndProject
Project("{FAE04EC0-301F-11D3-BF4B-00C04F79EFBC}") = "2D UFO Tutorial.CSharp.Editor", "2D UFO Tutorial.CSharp.Editor.csproj", "{F8487A5C-EBEF-5C8F-65D7-2CDCB3F0FC58}"
EndProject
Global
	GlobalSection(SolutionConfigurationPlatforms) = preSolution
		Debug|Any CPU = Debug|Any CPU
		Release|Any CPU = Release|Any CPU
	EndGlobalSection
	GlobalSection(ProjectConfigurationPlatforms) = postSolution
		{618D0939-C7E9-3313-3AEE-ABE29DAC95D5}.Debug|Any CPU.ActiveCfg = Debug|Any CPU
		{618D0939-C7E9-3313-3AEE-ABE29DAC95D5}.Debug|Any CPU.Build.0 = Debug|Any CPU
		{618D0939-C7E9-3313-3AEE-ABE29DAC95D5}.Release|Any CPU.ActiveCfg = Release|Any CPU
		{618D0939-C7E9-3313-3AEE-ABE29DAC95D5}.Release|Any CPU.Build.0 = Release|Any CPU
		{F8487A5C-EBEF-5C8F-65D7-2CDCB3F0FC58}.Debug|Any CPU.ActiveCfg = Debug|Any CPU
		{F8487A5C-EBEF-5C8F-65D7-2CDCB3F0FC58}.Debug|Any CPU.Build.0 = Debug|Any CPU
		{F8487A5C-EBEF-5C8F-65D7-2CDCB3F0FC58}.Release|Any CPU.ActiveCfg = Release|Any CPU
		{F8487A5C-EBEF-5C8F-65D7-2CDCB3F0FC58}.Release|Any CPU.Build.0 = Release|Any CPU
	EndGlobalSection
	GlobalSection(SolutionProperties) = preSolution
		HideSolutionNode = FALSE
	EndGlobalSection
EndGlobal
