
Microsoft Visual Studio Solution File, Format Version 12.00
# Visual Studio 2015
Project("{FAE04EC0-301F-11D3-BF4B-00C04F79EFBC}") = "dungeon.CSharp", "dungeon.CSharp.csproj", "{691100A4-79CE-08DC-9ECC-3750C2FD70E8}"
EndProject
Project("{FAE04EC0-301F-11D3-BF4B-00C04F79EFBC}") = "dungeon.CSharp.Editor", "dungeon.CSharp.Editor.csproj", "{69DBD425-07FB-D199-EB2C-978578521285}"
EndProject
Global
	GlobalSection(SolutionConfigurationPlatforms) = preSolution
		Debug|Any CPU = Debug|Any CPU
		Release|Any CPU = Release|Any CPU
	EndGlobalSection
	GlobalSection(ProjectConfigurationPlatforms) = postSolution
		{691100A4-79CE-08DC-9ECC-3750C2FD70E8}.Debug|Any CPU.ActiveCfg = Debug|Any CPU
		{691100A4-79CE-08DC-9ECC-3750C2FD70E8}.Debug|Any CPU.Build.0 = Debug|Any CPU
		{691100A4-79CE-08DC-9ECC-3750C2FD70E8}.Release|Any CPU.ActiveCfg = Release|Any CPU
		{691100A4-79CE-08DC-9ECC-3750C2FD70E8}.Release|Any CPU.Build.0 = Release|Any CPU
		{69DBD425-07FB-D199-EB2C-978578521285}.Debug|Any CPU.ActiveCfg = Debug|Any CPU
		{69DBD425-07FB-D199-EB2C-978578521285}.Debug|Any CPU.Build.0 = Debug|Any CPU
		{69DBD425-07FB-D199-EB2C-978578521285}.Release|Any CPU.ActiveCfg = Release|Any CPU
		{69DBD425-07FB-D199-EB2C-978578521285}.Release|Any CPU.Build.0 = Release|Any CPU
	EndGlobalSection
	GlobalSection(SolutionProperties) = preSolution
		HideSolutionNode = FALSE
	EndGlobalSection
EndGlobal
